
Microsoft Visual Studio Solution File, Format Version 12.00
# Visual Studio Version 17
VisualStudioVersion = 17.6.33723.286
MinimumVisualStudioVersion = 10.0.40219.1
Project("{FAE04EC0-301F-11D3-BF4B-00C04F79EFBC}") = "WebApplication1", "WebApplication1\WebApplication1.csproj", "{ED2A9AEC-B126-42EB-B719-27A20BD646A9}"
EndProject
Global
	GlobalSection(SolutionConfigurationPlatforms) = preSolution
		Debug|Any CPU = Debug|Any CPU
		Release|Any CPU = Release|Any CPU
	EndGlobalSection
	GlobalSection(ProjectConfigurationPlatforms) = postSolution
		{ED2A9AEC-B126-42EB-B719-27A20BD646A9}.Debug|Any CPU.ActiveCfg = Debug|Any CPU
		{ED2A9AEC-B126-42EB-B719-27A20BD646A9}.Debug|Any CPU.Build.0 = Debug|Any CPU
		{ED2A9AEC-B126-42EB-B719-27A20BD646A9}.Release|Any CPU.ActiveCfg = Release|Any CPU
		{ED2A9AEC-B126-42EB-B719-27A20BD646A9}.Release|Any CPU.Build.0 = Release|Any CPU
	EndGlobalSection
	GlobalSection(SolutionProperties) = preSolution
		HideSolutionNode = FALSE
	EndGlobalSection
	GlobalSection(ExtensibilityGlobals) = postSolution
		SolutionGuid = {10B91AB7-A82E-4D49-9644-080AADE97F73}
	EndGlobalSection
EndGlobal
